PODS:
  - CL_ShanYanSDK (0.1.0)
  - FBSnapshotTestCase (2.1.4):
    - FBSnapshotTestCase/SwiftSupport (= 2.1.4)
  - FBSnapshotTestCase/Core (2.1.4)
  - FBSnapshotTestCase/SwiftSupport (2.1.4):
    - FBSnapshotTestCase/Core
  - Kiwi (3.0.0)

DEPENDENCIES:
  - CL_ShanYanSDK (from `../`)
  - FBSnapshotTestCase
  - Kiwi

SPEC REPOS:
  https://github.com/cocoapods/specs.git:
    - FBSnapshotTestCase
    - Kiwi

EXTERNAL SOURCES:
  CL_ShanYanSDK:
    :path: "../"

SPEC CHECKSUMS:
  CL_ShanYanSDK: 9c00d67ff08255b439ed45e48f3ed579b838a7d8
  FBSnapshotTestCase: 094f9f314decbabe373b87cc339bea235a63e07a
  Kiwi: fbeafef0f00e4d8f7dcb3420a4930afe70af77f7

PODFILE CHECKSUM: 00553ea0446e2b5826a468d746bb0fbaab84a6a5

COCOAPODS: 1.5.2
